
Microsoft Visual Studio Solution File, Format Version 12.00
# Visual Studio Version 16
VisualStudioVersion = 16.0.32002.261
MinimumVisualStudioVersion = 10.0.40219.1
Project("{FAE04EC0-301F-11D3-BF4B-00C04F79EFBC}") = "nvidia-settings-cli", "nvidia-settings-cli.csproj", "{45AF18EF-9238-4ECE-9B3F-3B6364640C00}"
EndProject
Global
	GlobalSection(SolutionConfigurationPlatforms) = preSolution
		Debug|Any CPU = Debug|Any CPU
		Debug|x64 = Debug|x64
		Release|Any CPU = Release|Any CPU
		Release|x64 = Release|x64
	EndGlobalSection
	GlobalSection(ProjectConfigurationPlatforms) = postSolution
		{45AF18EF-9238-4ECE-9B3F-3B6364640C00}.Debug|Any CPU.ActiveCfg = Debug|Any CPU
		{45AF18EF-9238-4ECE-9B3F-3B6364640C00}.Debug|Any CPU.Build.0 = Debug|Any CPU
		{45AF18EF-9238-4ECE-9B3F-3B6364640C00}.Debug|x64.ActiveCfg = Debug|x64
		{45AF18EF-9238-4ECE-9B3F-3B6364640C00}.Debug|x64.Build.0 = Debug|x64
		{45AF18EF-9238-4ECE-9B3F-3B6364640C00}.Release|Any CPU.ActiveCfg = Release|Any CPU
		{45AF18EF-9238-4ECE-9B3F-3B6364640C00}.Release|Any CPU.Build.0 = Release|Any CPU
		{45AF18EF-9238-4ECE-9B3F-3B6364640C00}.Release|x64.ActiveCfg = Release|x64
		{45AF18EF-9238-4ECE-9B3F-3B6364640C00}.Release|x64.Build.0 = Release|x64
	EndGlobalSection
	GlobalSection(SolutionProperties) = preSolution
		HideSolutionNode = FALSE
	EndGlobalSection
	GlobalSection(ExtensibilityGlobals) = postSolution
		SolutionGuid = {1EB4ED17-E721-4A3C-A81F-EBF933E20186}
	EndGlobalSection
EndGlobal
